
Microsoft Visual Studio Solution File, Format Version 12.00
# Visual Studio Version 17
VisualStudioVersion = 17.0.31903.59
MinimumVisualStudioVersion = 10.0.40219.1
Project("{2150E333-8FDC-42A3-9474-1A3956D46DE8}") = "src", "src", "{827E0CD3-B72D-47B6-A68D-7590B98EB39B}"
EndProject
Project("{2150E333-8FDC-42A3-9474-1A3956D46DE8}") = "Shared", "Shared", "{C8E42992-5E42-0C2B-DBFE-AA848D06431C}"
EndProject
Project("{FAE04EC0-301F-11D3-BF4B-00C04F79EFBC}") = "SelfRestaurant.Database", "src\Shared\SelfRestaurant.Database\SelfRestaurant.Database.csproj", "{FC76D9CF-F6A3-4B15-9109-FE77EB5CBC7F}"
EndProject
Project("{FAE04EC0-301F-11D3-BF4B-00C04F79EFBC}") = "SelfRestaurant.Catalog.Api", "src\Services\SelfRestaurant.Catalog.Api\SelfRestaurant.Catalog.Api.csproj", "{B776E0F4-F3D6-4B5B-8E3A-7B0FD0D8616F}"
EndProject
Project("{FAE04EC0-301F-11D3-BF4B-00C04F79EFBC}") = "SelfRestaurant.Orders.Api", "src\Services\SelfRestaurant.Orders.Api\SelfRestaurant.Orders.Api.csproj", "{B6FF257D-AB11-4CC9-A46D-749694A13C8F}"
EndProject
Project("{FAE04EC0-301F-11D3-BF4B-00C04F79EFBC}") = "SelfRestaurant.Customers.Api", "src\Services\SelfRestaurant.Customers.Api\SelfRestaurant.Customers.Api.csproj", "{2744FFF1-31DE-42D8-8D32-28A4203D8ED6}"
EndProject
Project("{FAE04EC0-301F-11D3-BF4B-00C04F79EFBC}") = "SelfRestaurant.Identity.Api", "src\Services\SelfRestaurant.Identity.Api\SelfRestaurant.Identity.Api.csproj", "{24E27785-7CCA-4243-A443-3F5DBA9FAD33}"
EndProject
Project("{FAE04EC0-301F-11D3-BF4B-00C04F79EFBC}") = "SelfRestaurant.Gateway.Mvc", "src\Gateway\SelfRestaurant.Gateway.Mvc\SelfRestaurant.Gateway.Mvc.csproj", "{0F1B7936-AA64-4FD1-8206-A9DC29797C41}"
EndProject
Project("{2150E333-8FDC-42A3-9474-1A3956D46DE8}") = "Services", "Services", "{984BB9B3-3FA3-BE33-9484-CAC21695A33C}"
EndProject
Project("{FAE04EC0-301F-11D3-BF4B-00C04F79EFBC}") = "SelfRestaurant.Billing.Api", "src\Services\SelfRestaurant.Billing.Api\SelfRestaurant.Billing.Api.csproj", "{C1DC584C-4477-41F2-9CCA-D52370E4C3B2}"
EndProject
Global
	GlobalSection(SolutionConfigurationPlatforms) = preSolution
		Debug|Any CPU = Debug|Any CPU
		Debug|x64 = Debug|x64
		Debug|x86 = Debug|x86
		Release|Any CPU = Release|Any CPU
		Release|x64 = Release|x64
		Release|x86 = Release|x86
	EndGlobalSection
	GlobalSection(ProjectConfigurationPlatforms) = postSolution
		{FC76D9CF-F6A3-4B15-9109-FE77EB5CBC7F}.Debug|Any CPU.ActiveCfg = Debug|Any CPU
		{FC76D9CF-F6A3-4B15-9109-FE77EB5CBC7F}.Debug|Any CPU.Build.0 = Debug|Any CPU
		{FC76D9CF-F6A3-4B15-9109-FE77EB5CBC7F}.Debug|x64.ActiveCfg = Debug|Any CPU
		{FC76D9CF-F6A3-4B15-9109-FE77EB5CBC7F}.Debug|x64.Build.0 = Debug|Any CPU
		{FC76D9CF-F6A3-4B15-9109-FE77EB5CBC7F}.Debug|x86.ActiveCfg = Debug|Any CPU
		{FC76D9CF-F6A3-4B15-9109-FE77EB5CBC7F}.Debug|x86.Build.0 = Debug|Any CPU
		{FC76D9CF-F6A3-4B15-9109-FE77EB5CBC7F}.Release|Any CPU.ActiveCfg = Release|Any CPU
		{FC76D9CF-F6A3-4B15-9109-FE77EB5CBC7F}.Release|Any CPU.Build.0 = Release|Any CPU
		{FC76D9CF-F6A3-4B15-9109-FE77EB5CBC7F}.Release|x64.ActiveCfg = Release|Any CPU
		{FC76D9CF-F6A3-4B15-9109-FE77EB5CBC7F}.Release|x64.Build.0 = Release|Any CPU
		{FC76D9CF-F6A3-4B15-9109-FE77EB5CBC7F}.Release|x86.ActiveCfg = Release|Any CPU
		{FC76D9CF-F6A3-4B15-9109-FE77EB5CBC7F}.Release|x86.Build.0 = Release|Any CPU
		{B776E0F4-F3D6-4B5B-8E3A-7B0FD0D8616F}.Debug|Any CPU.ActiveCfg = Debug|Any CPU
		{B776E0F4-F3D6-4B5B-8E3A-7B0FD0D8616F}.Debug|Any CPU.Build.0 = Debug|Any CPU
		{B776E0F4-F3D6-4B5B-8E3A-7B0FD0D8616F}.Debug|x64.ActiveCfg = Debug|Any CPU
		{B776E0F4-F3D6-4B5B-8E3A-7B0FD0D8616F}.Debug|x64.Build.0 = Debug|Any CPU
		{B776E0F4-F3D6-4B5B-8E3A-7B0FD0D8616F}.Debug|x86.ActiveCfg = Debug|Any CPU
		{B776E0F4-F3D6-4B5B-8E3A-7B0FD0D8616F}.Debug|x86.Build.0 = Debug|Any CPU
		{B776E0F4-F3D6-4B5B-8E3A-7B0FD0D8616F}.Release|Any CPU.ActiveCfg = Release|Any CPU
		{B776E0F4-F3D6-4B5B-8E3A-7B0FD0D8616F}.Release|Any CPU.Build.0 = Release|Any CPU
		{B776E0F4-F3D6-4B5B-8E3A-7B0FD0D8616F}.Release|x64.ActiveCfg = Release|Any CPU
		{B776E0F4-F3D6-4B5B-8E3A-7B0FD0D8616F}.Release|x64.Build.0 = Release|Any CPU
		{B776E0F4-F3D6-4B5B-8E3A-7B0FD0D8616F}.Release|x86.ActiveCfg = Release|Any CPU
		{B776E0F4-F3D6-4B5B-8E3A-7B0FD0D8616F}.Release|x86.Build.0 = Release|Any CPU
		{B6FF257D-AB11-4CC9-A46D-749694A13C8F}.Debug|Any CPU.ActiveCfg = Debug|Any CPU
		{B6FF257D-AB11-4CC9-A46D-749694A13C8F}.Debug|Any CPU.Build.0 = Debug|Any CPU
		{B6FF257D-AB11-4CC9-A46D-749694A13C8F}.Debug|x64.ActiveCfg = Debug|Any CPU
		{B6FF257D-AB11-4CC9-A46D-749694A13C8F}.Debug|x64.Build.0 = Debug|Any CPU
		{B6FF257D-AB11-4CC9-A46D-749694A13C8F}.Debug|x86.ActiveCfg = Debug|Any CPU
		{B6FF257D-AB11-4CC9-A46D-749694A13C8F}.Debug|x86.Build.0 = Debug|Any CPU
		{B6FF257D-AB11-4CC9-A46D-749694A13C8F}.Release|Any CPU.ActiveCfg = Release|Any CPU
		{B6FF257D-AB11-4CC9-A46D-749694A13C8F}.Release|Any CPU.Build.0 = Release|Any CPU
		{B6FF257D-AB11-4CC9-A46D-749694A13C8F}.Release|x64.ActiveCfg = Release|Any CPU
		{B6FF257D-AB11-4CC9-A46D-749694A13C8F}.Release|x64.Build.0 = Release|Any CPU
		{B6FF257D-AB11-4CC9-A46D-749694A13C8F}.Release|x86.ActiveCfg = Release|Any CPU
		{B6FF257D-AB11-4CC9-A46D-749694A13C8F}.Release|x86.Build.0 = Release|Any CPU
		{2744FFF1-31DE-42D8-8D32-28A4203D8ED6}.Debug|Any CPU.ActiveCfg = Debug|Any CPU
		{2744FFF1-31DE-42D8-8D32-28A4203D8ED6}.Debug|Any CPU.Build.0 = Debug|Any CPU
		{2744FFF1-31DE-42D8-8D32-28A4203D8ED6}.Debug|x64.ActiveCfg = Debug|Any CPU
		{2744FFF1-31DE-42D8-8D32-28A4203D8ED6}.Debug|x64.Build.0 = Debug|Any CPU
		{2744FFF1-31DE-42D8-8D32-28A4203D8ED6}.Debug|x86.ActiveCfg = Debug|Any CPU
		{2744FFF1-31DE-42D8-8D32-28A4203D8ED6}.Debug|x86.Build.0 = Debug|Any CPU
		{2744FFF1-31DE-42D8-8D32-28A4203D8ED6}.Release|Any CPU.ActiveCfg = Release|Any CPU
		{2744FFF1-31DE-42D8-8D32-28A4203D8ED6}.Release|Any CPU.Build.0 = Release|Any CPU
		{2744FFF1-31DE-42D8-8D32-28A4203D8ED6}.Release|x64.ActiveCfg = Release|Any CPU
		{2744FFF1-31DE-42D8-8D32-28A4203D8ED6}.Release|x64.Build.0 = Release|Any CPU
		{2744FFF1-31DE-42D8-8D32-28A4203D8ED6}.Release|x86.ActiveCfg = Release|Any CPU
		{2744FFF1-31DE-42D8-8D32-28A4203D8ED6}.Release|x86.Build.0 = Release|Any CPU
		{24E27785-7CCA-4243-A443-3F5DBA9FAD33}.Debug|Any CPU.ActiveCfg = Debug|Any CPU
		{24E27785-7CCA-4243-A443-3F5DBA9FAD33}.Debug|Any CPU.Build.0 = Debug|Any CPU
		{24E27785-7CCA-4243-A443-3F5DBA9FAD33}.Debug|x64.ActiveCfg = Debug|Any CPU
		{24E27785-7CCA-4243-A443-3F5DBA9FAD33}.Debug|x64.Build.0 = Debug|Any CPU
		{24E27785-7CCA-4243-A443-3F5DBA9FAD33}.Debug|x86.ActiveCfg = Debug|Any CPU
		{24E27785-7CCA-4243-A443-3F5DBA9FAD33}.Debug|x86.Build.0 = Debug|Any CPU
		{24E27785-7CCA-4243-A443-3F5DBA9FAD33}.Release|Any CPU.ActiveCfg = Release|Any CPU
		{24E27785-7CCA-4243-A443-3F5DBA9FAD33}.Release|Any CPU.Build.0 = Release|Any CPU
		{24E27785-7CCA-4243-A443-3F5DBA9FAD33}.Release|x64.ActiveCfg = Release|Any CPU
		{24E27785-7CCA-4243-A443-3F5DBA9FAD33}.Release|x64.Build.0 = Release|Any CPU
		{24E27785-7CCA-4243-A443-3F5DBA9FAD33}.Release|x86.ActiveCfg = Release|Any CPU
		{24E27785-7CCA-4243-A443-3F5DBA9FAD33}.Release|x86.Build.0 = Release|Any CPU
		{0F1B7936-AA64-4FD1-8206-A9DC29797C41}.Debug|Any CPU.ActiveCfg = Debug|Any CPU
		{0F1B7936-AA64-4FD1-8206-A9DC29797C41}.Debug|Any CPU.Build.0 = Debug|Any CPU
		{0F1B7936-AA64-4FD1-8206-A9DC29797C41}.Debug|x64.ActiveCfg = Debug|Any CPU
		{0F1B7936-AA64-4FD1-8206-A9DC29797C41}.Debug|x64.Build.0 = Debug|Any CPU
		{0F1B7936-AA64-4FD1-8206-A9DC29797C41}.Debug|x86.ActiveCfg = Debug|Any CPU
		{0F1B7936-AA64-4FD1-8206-A9DC29797C41}.Debug|x86.Build.0 = Debug|Any CPU
		{0F1B7936-AA64-4FD1-8206-A9DC29797C41}.Release|Any CPU.ActiveCfg = Release|Any CPU
		{0F1B7936-AA64-4FD1-8206-A9DC29797C41}.Release|Any CPU.Build.0 = Release|Any CPU
		{0F1B7936-AA64-4FD1-8206-A9DC29797C41}.Release|x64.ActiveCfg = Release|Any CPU
		{0F1B7936-AA64-4FD1-8206-A9DC29797C41}.Release|x64.Build.0 = Release|Any CPU
		{0F1B7936-AA64-4FD1-8206-A9DC29797C41}.Release|x86.ActiveCfg = Release|Any CPU
		{0F1B7936-AA64-4FD1-8206-A9DC29797C41}.Release|x86.Build.0 = Release|Any CPU
		{C1DC584C-4477-41F2-9CCA-D52370E4C3B2}.Debug|Any CPU.ActiveCfg = Debug|Any CPU
		{C1DC584C-4477-41F2-9CCA-D52370E4C3B2}.Debug|Any CPU.Build.0 = Debug|Any CPU
		{C1DC584C-4477-41F2-9CCA-D52370E4C3B2}.Debug|x64.ActiveCfg = Debug|Any CPU
		{C1DC584C-4477-41F2-9CCA-D52370E4C3B2}.Debug|x64.Build.0 = Debug|Any CPU
		{C1DC584C-4477-41F2-9CCA-D52370E4C3B2}.Debug|x86.ActiveCfg = Debug|Any CPU
		{C1DC584C-4477-41F2-9CCA-D52370E4C3B2}.Debug|x86.Build.0 = Debug|Any CPU
		{C1DC584C-4477-41F2-9CCA-D52370E4C3B2}.Release|Any CPU.ActiveCfg = Release|Any CPU
		{C1DC584C-4477-41F2-9CCA-D52370E4C3B2}.Release|Any CPU.Build.0 = Release|Any CPU
		{C1DC584C-4477-41F2-9CCA-D52370E4C3B2}.Release|x64.ActiveCfg = Release|Any CPU
		{C1DC584C-4477-41F2-9CCA-D52370E4C3B2}.Release|x64.Build.0 = Release|Any CPU
		{C1DC584C-4477-41F2-9CCA-D52370E4C3B2}.Release|x86.ActiveCfg = Release|Any CPU
		{C1DC584C-4477-41F2-9CCA-D52370E4C3B2}.Release|x86.Build.0 = Release|Any CPU
	EndGlobalSection
	GlobalSection(SolutionProperties) = preSolution
		HideSolutionNode = FALSE
	EndGlobalSection
	GlobalSection(NestedProjects) = preSolution
		{C8E42992-5E42-0C2B-DBFE-AA848D06431C} = {827E0CD3-B72D-47B6-A68D-7590B98EB39B}
		{FC76D9CF-F6A3-4B15-9109-FE77EB5CBC7F} = {C8E42992-5E42-0C2B-DBFE-AA848D06431C}
		{B776E0F4-F3D6-4B5B-8E3A-7B0FD0D8616F} = {C8E42992-5E42-0C2B-DBFE-AA848D06431C}
		{B6FF257D-AB11-4CC9-A46D-749694A13C8F} = {C8E42992-5E42-0C2B-DBFE-AA848D06431C}
		{2744FFF1-31DE-42D8-8D32-28A4203D8ED6} = {C8E42992-5E42-0C2B-DBFE-AA848D06431C}
		{24E27785-7CCA-4243-A443-3F5DBA9FAD33} = {C8E42992-5E42-0C2B-DBFE-AA848D06431C}
		{0F1B7936-AA64-4FD1-8206-A9DC29797C41} = {C8E42992-5E42-0C2B-DBFE-AA848D06431C}
		{984BB9B3-3FA3-BE33-9484-CAC21695A33C} = {827E0CD3-B72D-47B6-A68D-7590B98EB39B}
		{C1DC584C-4477-41F2-9CCA-D52370E4C3B2} = {984BB9B3-3FA3-BE33-9484-CAC21695A33C}
	EndGlobalSection
EndGlobal
